// !$*UTF8*$!
{
	archiveVersion = 1;
	classes = {
	};
	objectVersion = 46;
	objects = {

/* Begin PBXBuildFile section */
		D177847C1CC80E86001EF82D /* AppDelegate.swift in Sources */ = {isa = PBXBuildFile; fileRef = D177847B1CC80E86001EF82D /* AppDelegate.swift */; };
		D177847E1CC80E86001EF82D /* ViewController.swift in Sources */ = {isa = PBXBuildFile; fileRef = D177847D1CC80E86001EF82D /* ViewController.swift */; };
		D17784811CC80E86001EF82D /* Main.storyboard in Resources */ = {isa = PBXBuildFile; fileRef = D177847F1CC80E86001EF82D /* Main.storyboard */; };
		D17784841CC80E86001EF82D /* pocApp.xcdatamodeld in Sources */ = {isa = PBXBuildFile; fileRef = D17784821CC80E86001EF82D /* pocApp.xcdatamodeld */; };
		D17784861CC80E86001EF82D /* Assets.xcassets in Resources */ = {isa = PBXBuildFile; fileRef = D17784851CC80E86001EF82D /* Assets.xcassets */; };
		D17784891CC80E86001EF82D /* LaunchScreen.storyboard in Resources */ = {isa = PBXBuildFile; fileRef = D17784871CC80E86001EF82D /* LaunchScreen.storyboard */; };
/* End PBXBuildFile section */

/* Begin PBXFileReference section */
		D17784781CC80E86001EF82D /* pocApp.app */ = {isa = PBXFileReference; explicitFileType = wrapper.application; includeInIndex = 0; path = pocApp.app; sourceTree = BUILT_PRODUCTS_DIR; };
		D177847B1CC80E86001EF82D /* AppDelegate.swift */ = {isa = PBXFileReference; lastKnownFileType = sourcecode.swift; path = AppDelegate.swift; sourceTree = "<group>"; };
		D177847D1CC80E86001EF82D /* ViewController.swift */ = {isa = PBXFileReference; lastKnownFileType = sourcecode.swift; path = ViewController.swift; sourceTree = "<group>"; };
		D17784801CC80E86001EF82D /* Base */ = {isa = PBXFileReference; lastKnownFileType = file.storyboard; name = Base; path = Base.lproj/Main.storyboard; sourceTree = "<group>"; };
		D17784831CC80E86001EF82D /* pocApp.xcdatamodel */ = {isa = PBXFileReference; lastKnownFileType = wrapper.xcdatamodel; path = pocApp.xcdatamodel; sourceTree = "<group>"; };
		D17784851CC80E86001EF82D /* Assets.xcassets */ = {isa = PBXFileReference; lastKnownFileType = folder.assetcatalog; path = Assets.xcassets; sourceTree = "<group>"; };
		D17784881CC80E86001EF82D /* Base */ = {isa = PBXFileReference; lastKnownFileType = file.storyboard; name = Base; path = Base.lproj/LaunchScreen.storyboard; sourceTree = "<group>"; };
		D177848A1CC80E86001EF82D /* Info.plist */ = {isa = PBXFileReference; lastKnownFileType = text.plist.xml; path = Info.plist; sourceTree = "<group>"; };
/* End PBXFileReference section */

/* Begin PBXFrameworksBuildPhase section */
		D17784751CC80E86001EF82D /* Frameworks */ = {
			isa = PBXFrameworksBuildPhase;
			buildActionMask = 2147483647;
			files = (
			);
			runOnlyForDeploymentPostprocessing = 0;
		};
/* End PBXFrameworksBuildPhase section */

/* Begin PBXGroup section */
		D177846F1CC80E86001EF82D = {
			isa = PBXGroup;
			children = (
				D177847A1CC80E86001EF82D /* pocApp */,
				D17784791CC80E86001EF82D /* Products */,
			);
			sourceTree = "<group>";
		};
		D17784791CC80E86001EF82D /* Products */ = {
			isa = PBXGroup;
			children = (
				D17784781CC80E86001EF82D /* pocApp.app */,
			);
			name = Products;
			sourceTree = "<group>";
		};
		D177847A1CC80E86001EF82D /* pocApp */ = {
			isa = PBXGroup;
			children = (
				D177847B1CC80E86001EF82D /* AppDelegate.swift */,
				D177847D1CC80E86001EF82D /* ViewController.swift */,
				D177847F1CC80E86001EF82D /* Main.storyboard */,
				D17784851CC80E86001EF82D /* Assets.xcassets */,
				D17784871CC80E86001EF82D /* LaunchScreen.storyboard */,
				D177848A1CC80E86001EF82D /* Info.plist */,
				D17784821CC80E86001EF82D /* pocApp.xcdatamodeld */,
			);
			path = pocApp;
			sourceTree = "<group>";
		};
/* End PBXGroup section */

/* Begin PBXNativeTarget section */
		D17784771CC80E86001EF82D /* pocApp */ = {
			isa = PBXNativeTarget;
			buildConfigurationList = D177848D1CC80E86001EF82D /* Build configuration list for PBXNativeTarget "pocApp" */;
			buildPhases = (
				D17784741CC80E86001EF82D /* Sources */,
				D17784751CC80E86001EF82D /* Frameworks */,
				D17784761CC80E86001EF82D /* Resources */,
			);
			buildRules = (
			);
			dependencies = (
			);
			name = pocApp;
			productName = pocApp;
			productReference = D17784781CC80E86001EF82D /* pocApp.app */;
			productType = "com.apple.product-type.application";
		};
/* End PBXNativeTarget section */

/* Begin PBXProject section */
		D17784701CC80E86001EF82D /* Project object */ = {
			isa = PBXProject;
			attributes = {
				LastSwiftUpdateCheck = 0730;
				LastUpgradeCheck = 0730;
				ORGANIZATIONNAME = "Kevin Launay";
				TargetAttributes = {
					D17784771CC80E86001EF82D = {
						CreatedOnToolsVersion = 7.3;
						DevelopmentTeam = 92R2MUGYT2;
					};
				};
			};
			buildConfigurationList = D17784731CC80E86001EF82D /* Build configuration list for PBXProject "pocApp" */;
			compatibilityVersion = "Xcode 3.2";
			developmentRegion = English;
			hasScannedForEncodings = 0;
			knownRegions = (
				en,
				Base,
			);
			mainGroup = D177846F1CC80E86001EF82D;
			productRefGroup = D17784791CC80E86001EF82D /* Products */;
			projectDirPath = "";
			projectRoot = "";
			targets = (
				D17784771CC80E86001EF82D /* pocApp */,
			);
		};
/* End PBXProject section */

/* Begin PBXResourcesBuildPhase section */
		D17784761CC80E86001EF82D /* Resources */ = {
			isa = PBXResourcesBuildPhase;
			buildActionMask = 2147483647;
			files = (
				D17784891CC80E86001EF82D /* LaunchScreen.storyboard in Resources */,
				D17784861CC80E86001EF82D /* Assets.xcassets in Resources */,
				D17784811CC80E86001EF82D /* Main.storyboard in Resources */,
			);
			runOnlyForDeploymentPostprocessing = 0;
		};
/* End PBXResourcesBuildPhase section */

/* Begin PBXSourcesBuildPhase section */
		D17784741CC80E86001EF82D /* Sources */ = {
			isa = PBXSourcesBuildPhase;
			buildActionMask = 2147483647;
			files = (
				D177847E1CC80E86001EF82D /* ViewController.swift in Sources */,
				D17784841CC80E86001EF82D /* pocApp.xcdatamodeld in Sources */,
				D177847C1CC80E86001EF82D /* AppDelegate.swift in Sources */,
			);
			runOnlyForDeploymentPostprocessing = 0;
		};
/* End PBXSourcesBuildPhase section */

/* Begin PBXVariantGroup section */
		D177847F1CC80E86001EF82D /* Main.storyboard */ = {
			isa = PBXVariantGroup;
			children = (
				D17784801CC80E86001EF82D /* Base */,
			);
			name = Main.storyboard;
			sourceTree = "<group>";
		};
		D17784871CC80E86001EF82D /* LaunchScreen.storyboard */ = {
			isa = PBXVariantGroup;
			children = (
				D17784881CC80E86001EF82D /* Base */,
			);
			name = LaunchScreen.storyboard;
			sourceTree = "<group>";
		};
/* End PBXVariantGroup section */

/* Begin XCBuildConfiguration section */
		D177848B1CC80E86001EF82D /* Debug */ = {
			isa = XCBuildConfiguration;
			buildSettings = {
				ALWAYS_SEARCH_USER_PATHS = NO;
				CLANG_ANALYZER_NONNULL = YES;
				CLANG_CXX_LANGUAGE_STANDARD = "gnu++0x";
				CLANG_CXX_LIBRARY = "libc++";
				CLANG_ENABLE_MODULES = YES;
				CLANG_ENABLE_OBJC_ARC = YES;
				CLANG_WARN_BOOL_CONVERSION = YES;
				CLANG_WARN_CONSTANT_CONVERSION = YES;
				CLANG_WARN_DIRECT_OBJC_ISA_USAGE = YES_ERROR;
				CLANG_WARN_EMPTY_BODY = YES;
				CLANG_WARN_ENUM_CONVERSION = YES;
				CLANG_WARN_INT_CONVERSION = YES;
				CLANG_WARN_OBJC_ROOT_CLASS = YES_ERROR;
				CLANG_WARN_UNREACHABLE_CODE = YES;
				CLANG_WARN__DUPLICATE_METHOD_MATCH = YES;
				"CODE_SIGN_IDENTITY[sdk=iphoneos*]" = "iPhone Developer";
				COPY_PHASE_STRIP = NO;
				DEBUG_INFORMATION_FORMAT = dwarf;
				ENABLE_STRICT_OBJC_MSGSEND = YES;
				ENABLE_TESTABILITY = YES;
				GCC_C_LANGUAGE_STANDARD = gnu99;
				GCC_DYNAMIC_NO_PIC = NO;
				GCC_NO_COMMON_BLOCKS = YES;
				GCC_OPTIMIZATION_LEVEL = 0;
				GCC_PREPROCESSOR_DEFINITIONS = (
					"DEBUG=1",
					"$(inherited)",
				);
				GCC_WARN_64_TO_32_BIT_CONVERSION = YES;
				GCC_WARN_ABOUT_RETURN_TYPE = YES_ERROR;
				GCC_WARN_UNDECLARED_SELECTOR = YES;
				GCC_WARN_UNINITIALIZED_AUTOS = YES_AGGRESSIVE;
				GCC_WARN_UNUSED_FUNCTION = YES;
				GCC_WARN_UNUSED_VARIABLE = YES;
				IPHONEOS_DEPLOYMENT_TARGET = 9.3;
				MTL_ENABLE_DEBUG_INFO = YES;
				ONLY_ACTIVE_ARCH = YES;
				SDKROOT = iphoneos;
				SWIFT_OPTIMIZATION_LEVEL = "-Onone";
				TARGETED_DEVICE_FAMILY = "1,2";
			};
			name = Debug;
		};
		D177848C1CC80E86001EF82D /* Release */ = {
			isa = XCBuildConfiguration;
			buildSettings = {
				ALWAYS_SEARCH_USER_PATHS = NO;
				CLANG_ANALYZER_NONNULL = YES;
				CLANG_CXX_LANGUAGE_STANDARD = "gnu++0x";
				CLANG_CXX_LIBRARY = "libc++";
				CLANG_ENABLE_MODULES = YES;
				CLANG_ENABLE_OBJC_ARC = YES;
				CLANG_WARN_BOOL_CONVERSION = YES;
				CLANG_WARN_CONSTANT_CONVERSION = YES;
				CLANG_WARN_DIRECT_OBJC_ISA_USAGE = YES_ERROR;
				CLANG_WARN_EMPTY_BODY = YES;
				CLANG_WARN_ENUM_CONVERSION = YES;
				CLANG_WARN_INT_CONVERSION = YES;
				CLANG_WARN_OBJC_ROOT_CLASS = YES_ERROR;
				CLANG_WARN_UNREACHABLE_CODE = YES;
				CLANG_WARN__DUPLICATE_METHOD_MATCH = YES;
				"CODE_SIGN_IDENTITY[sdk=iphoneos*]" = "iPhone Developer";
				COPY_PHASE_STRIP = NO;
				DEBUG_INFORMATION_FORMAT = "dwarf-with-dsym";
				ENABLE_NS_ASSERTIONS = NO;
				ENABLE_STRICT_OBJC_MSGSEND = YES;
				GCC_C_LANGUAGE_STANDARD = gnu99;
				GCC_NO_COMMON_BLOCKS = YES;
				GCC_WARN_64_TO_32_BIT_CONVERSION = YES;
				GCC_WARN_ABOUT_RETURN_TYPE = YES_ERROR;
				GCC_WARN_UNDECLARED_SELECTOR = YES;
				GCC_WARN_UNINITIALIZED_AUTOS = YES_AGGRESSIVE;
				GCC_WARN_UNUSED_FUNCTION = YES;
				GCC_WARN_UNUSED_VARIABLE = YES;
				IPHONEOS_DEPLOYMENT_TARGET = 9.3;
				MTL_ENABLE_DEBUG_INFO = NO;
				SDKROOT = iphoneos;
				TARGETED_DEVICE_FAMILY = "1,2";
				VALIDATE_PRODUCT = YES;
			};
			name = Release;
		};
		D177848E1CC80E86001EF82D /* Debug */ = {
			isa = XCBuildConfiguration;
			buildSettings = {
				ASSETCATALOG_COMPILER_APPICON_NAME = AppIcon;
				INFOPLIST_FILE = pocApp/Info.plist;
				LD_RUNPATH_SEARCH_PATHS = "$(inherited) @executable_path/Frameworks";
				PRODUCT_BUNDLE_IDENTIFIER = com.rugastelo.pocApp;
				PRODUCT_NAME = "$(TARGET_NAME)";
			};
			name = Debug;
		};
		D177848F1CC80E86001EF82D /* Release */ = {
			isa = XCBuildConfiguration;
			buildSettings = {
				ASSETCATALOG_COMPILER_APPICON_NAME = AppIcon;
				INFOPLIST_FILE = pocApp/Info.plist;
				LD_RUNPATH_SEARCH_PATHS = "$(inherited) @executable_path/Frameworks";
				PRODUCT_BUNDLE_IDENTIFIER = com.rugastelo.pocApp;
				PRODUCT_NAME = "$(TARGET_NAME)";
			};
			name = Release;
		};
/* End XCBuildConfiguration section */

/* Begin XCConfigurationList section */
		D17784731CC80E86001EF82D /* Build configuration list for PBXProject "pocApp" */ = {
			isa = XCConfigurationList;
			buildConfigurations = (
				D177848B1CC80E86001EF82D /* Debug */,
				D177848C1CC80E86001EF82D /* Release */,
			);
			defaultConfigurationIsVisible = 0;
			defaultConfigurationName = Release;
		};
		D177848D1CC80E86001EF82D /* Build configuration list for PBXNativeTarget "pocApp" */ = {
			isa = XCConfigurationList;
			buildConfigurations = (
				D177848E1CC80E86001EF82D /* Debug */,
				D177848F1CC80E86001EF82D /* Release */,
			);
			defaultConfigurationIsVisible = 0;
		};
/* End XCConfigurationList section */

/* Begin XCVersionGroup section */
		D17784821CC80E86001EF82D /* pocApp.xcdatamodeld */ = {
			isa = XCVersionGroup;
			children = (
				D17784831CC80E86001EF82D /* pocApp.xcdatamodel */,
			);
			currentVersion = D17784831CC80E86001EF82D /* pocApp.xcdatamodel */;
			path = pocApp.xcdatamodeld;
			sourceTree = "<group>";
			versionGroupType = wrapper.xcdatamodel;
		};
/* End XCVersionGroup section */
	};
	rootObject = D17784701CC80E86001EF82D /* Project object */;
}
